
Microsoft Visual Studio Solution File, Format Version 12.00
# Visual Studio 15
VisualStudioVersion = 15.0.28307.329
MinimumVisualStudioVersion = 10.0.40219.1
Project("{FAE04EC0-301F-11D3-BF4B-00C04F79EFBC}") = "Netx", "Netx\Netx.csproj", "{ABD3B4A0-8CDA-4A90-9D1B-CF806C181EDE}"
EndProject
Global
	GlobalSection(SolutionConfigurationPlatforms) = preSolution
		Debug|Any CPU = Debug|Any CPU
		Debug|x64 = Debug|x64
		Debug|x86 = Debug|x86
		Release|Any CPU = Release|Any CPU
		Release|x64 = Release|x64
		Release|x86 = Release|x86
	EndGlobalSection
	GlobalSection(ProjectConfigurationPlatforms) = postSolution
		{ABD3B4A0-8CDA-4A90-9D1B-CF806C181EDE}.Debug|Any CPU.ActiveCfg = Debug|Any CPU
		{ABD3B4A0-8CDA-4A90-9D1B-CF806C181EDE}.Debug|Any CPU.Build.0 = Debug|Any CPU
		{ABD3B4A0-8CDA-4A90-9D1B-CF806C181EDE}.Debug|x64.ActiveCfg = Debug|x64
		{ABD3B4A0-8CDA-4A90-9D1B-CF806C181EDE}.Debug|x64.Build.0 = Debug|x64
		{ABD3B4A0-8CDA-4A90-9D1B-CF806C181EDE}.Debug|x86.ActiveCfg = Debug|Any CPU
		{ABD3B4A0-8CDA-4A90-9D1B-CF806C181EDE}.Debug|x86.Build.0 = Debug|Any CPU
		{ABD3B4A0-8CDA-4A90-9D1B-CF806C181EDE}.Release|Any CPU.ActiveCfg = Release|Any CPU
		{ABD3B4A0-8CDA-4A90-9D1B-CF806C181EDE}.Release|Any CPU.Build.0 = Release|Any CPU
		{ABD3B4A0-8CDA-4A90-9D1B-CF806C181EDE}.Release|x64.ActiveCfg = Release|x64
		{ABD3B4A0-8CDA-4A90-9D1B-CF806C181EDE}.Release|x64.Build.0 = Release|x64
		{ABD3B4A0-8CDA-4A90-9D1B-CF806C181EDE}.Release|x86.ActiveCfg = Release|Any CPU
		{ABD3B4A0-8CDA-4A90-9D1B-CF806C181EDE}.Release|x86.Build.0 = Release|Any CPU
	EndGlobalSection
	GlobalSection(SolutionProperties) = preSolution
		HideSolutionNode = FALSE
	EndGlobalSection
	GlobalSection(ExtensibilityGlobals) = postSolution
		SolutionGuid = {616D3421-505F-42B5-BC76-3D0D20C482E7}
	EndGlobalSection
EndGlobal
